// !$*UTF8*$!
{
	archiveVersion = 1;
	classes = {
	};
	objectVersion = 77;
	objects = {

/* Begin PBXBuildFile section */
		6FDA1B582D8E103300618794 /* best_v1.mlpackage in Sources */ = {isa = PBXBuildFile; fileRef = 6FDA1B572D8E103300618794 /* best_v1.mlpackage */; };
		6FDA1B5A2D8E104800618794 /* best_v2.mlpackage in Sources */ = {isa = PBXBuildFile; fileRef = 6FDA1B592D8E104800618794 /* best_v2.mlpackage */; };
		6FDA1B5C2D8E12DC00618794 /* CameraView.swift in Sources */ = {isa = PBXBuildFile; fileRef = 6FDA1B5B2D8E12DC00618794 /* CameraView.swift */; };
		6FDA1B5E2D8E276A00618794 /* LocationManager.swift in Sources */ = {isa = PBXBuildFile; fileRef = 6FDA1B5D2D8E276A00618794 /* LocationManager.swift */; };
		6FDA1B602D8E27E400618794 /* MotionManager.swift in Sources */ = {isa = PBXBuildFile; fileRef = 6FDA1B5F2D8E27E400618794 /* MotionManager.swift */; };
		6FDA1B632D8E2C1C00618794 /* FirebaseFirestore in Frameworks */ = {isa = PBXBuildFile; productRef = 6FDA1B622D8E2C1C00618794 /* FirebaseFirestore */; };
		6FDA1B652D8E2C1C00618794 /* FirebaseStorage in Frameworks */ = {isa = PBXBuildFile; productRef = 6FDA1B642D8E2C1C00618794 /* FirebaseStorage */; };
		6FDA1B672D8E2FEE00618794 /* GoogleService-Info.plist in Resources */ = {isa = PBXBuildFile; fileRef = 6FDA1B662D8E2FEE00618794 /* GoogleService-Info.plist */; };
		6FDA1B682D8E2FEE00618794 /* GoogleService-Info.plist in Resources */ = {isa = PBXBuildFile; fileRef = 6FDA1B662D8E2FEE00618794 /* GoogleService-Info.plist */; };
		6FDA1B692D8E2FEE00618794 /* GoogleService-Info.plist in Resources */ = {isa = PBXBuildFile; fileRef = 6FDA1B662D8E2FEE00618794 /* GoogleService-Info.plist */; };
		6FDA1B6B2D8E30BD00618794 /* FirebaseAnalyticsWithoutAdIdSupport in Frameworks */ = {isa = PBXBuildFile; productRef = 6FDA1B6A2D8E30BD00618794 /* FirebaseAnalyticsWithoutAdIdSupport */; };
		6FDA1B6D2D8E317100618794 /* BackendManager.swift in Sources */ = {isa = PBXBuildFile; fileRef = 6FDA1B6C2D8E317100618794 /* BackendManager.swift */; };
/* End PBXBuildFile section */

/* Begin PBXContainerItemProxy section */
		6FDA1B3B2D8E102100618794 /* PBXContainerItemProxy */ = {
			isa = PBXContainerItemProxy;
			containerPortal = 6FDA1B222D8E101F00618794 /* Project object */;
			proxyType = 1;
			remoteGlobalIDString = 6FDA1B292D8E101F00618794;
			remoteInfo = PotholeDetector;
		};
		6FDA1B452D8E102100618794 /* PBXContainerItemProxy */ = {
			isa = PBXContainerItemProxy;
			containerPortal = 6FDA1B222D8E101F00618794 /* Project object */;
			proxyType = 1;
			remoteGlobalIDString = 6FDA1B292D8E101F00618794;
			remoteInfo = PotholeDetector;
		};
/* End PBXContainerItemProxy section */

/* Begin PBXFileReference section */
		6FDA1B2A2D8E101F00618794 /* PotholeDetector.app */ = {isa = PBXFileReference; explicitFileType = wrapper.application; includeInIndex = 0; path = PotholeDetector.app; sourceTree = BUILT_PRODUCTS_DIR; };
		6FDA1B3A2D8E102100618794 /* PotholeDetectorTests.xctest */ = {isa = PBXFileReference; explicitFileType = wrapper.cfbundle; includeInIndex = 0; path = PotholeDetectorTests.xctest; sourceTree = BUILT_PRODUCTS_DIR; };
		6FDA1B442D8E102100618794 /* PotholeDetectorUITests.xctest */ = {isa = PBXFileReference; explicitFileType = wrapper.cfbundle; includeInIndex = 0; path = PotholeDetectorUITests.xctest; sourceTree = BUILT_PRODUCTS_DIR; };
		6FDA1B572D8E103300618794 /* best_v1.mlpackage */ = {isa = PBXFileReference; lastKnownFileType = folder.mlpackage; path = best_v1.mlpackage; sourceTree = "<group>"; };
		6FDA1B592D8E104800618794 /* best_v2.mlpackage */ = {isa = PBXFileReference; lastKnownFileType = folder.mlpackage; path = best_v2.mlpackage; sourceTree = "<group>"; };
		6FDA1B5B2D8E12DC00618794 /* CameraView.swift */ = {isa = PBXFileReference; lastKnownFileType = sourcecode.swift; path = CameraView.swift; sourceTree = "<group>"; };
		6FDA1B5D2D8E276A00618794 /* LocationManager.swift */ = {isa = PBXFileReference; lastKnownFileType = sourcecode.swift; path = LocationManager.swift; sourceTree = "<group>"; };
		6FDA1B5F2D8E27E400618794 /* MotionManager.swift */ = {isa = PBXFileReference; lastKnownFileType = sourcecode.swift; path = MotionManager.swift; sourceTree = "<group>"; };
		6FDA1B662D8E2FEE00618794 /* GoogleService-Info.plist */ = {isa = PBXFileReference; lastKnownFileType = text.plist.xml; path = "GoogleService-Info.plist"; sourceTree = "<group>"; };
		6FDA1B6C2D8E317100618794 /* BackendManager.swift */ = {isa = PBXFileReference; lastKnownFileType = sourcecode.swift; path = BackendManager.swift; sourceTree = "<group>"; };
/* End PBXFileReference section */

/* Begin PBXFileSystemSynchronizedRootGroup section */
		6FDA1B2C2D8E101F00618794 /* PotholeDetector */ = {
			isa = PBXFileSystemSynchronizedRootGroup;
			path = PotholeDetector;
			sourceTree = "<group>";
		};
		6FDA1B3D2D8E102100618794 /* PotholeDetectorTests */ = {
			isa = PBXFileSystemSynchronizedRootGroup;
			path = PotholeDetectorTests;
			sourceTree = "<group>";
		};
		6FDA1B472D8E102100618794 /* PotholeDetectorUITests */ = {
			isa = PBXFileSystemSynchronizedRootGroup;
			path = PotholeDetectorUITests;
			sourceTree = "<group>";
		};
/* End PBXFileSystemSynchronizedRootGroup section */

/* Begin PBXFrameworksBuildPhase section */
		6FDA1B272D8E101F00618794 /* Frameworks */ = {
			isa = PBXFrameworksBuildPhase;
			buildActionMask = 2147483647;
			files = (
				6FDA1B632D8E2C1C00618794 /* FirebaseFirestore in Frameworks */,
				6FDA1B6B2D8E30BD00618794 /* FirebaseAnalyticsWithoutAdIdSupport in Frameworks */,
				6FDA1B652D8E2C1C00618794 /* FirebaseStorage in Frameworks */,
			);
			runOnlyForDeploymentPostprocessing = 0;
		};
		6FDA1B372D8E102100618794 /* Frameworks */ = {
			isa = PBXFrameworksBuildPhase;
			buildActionMask = 2147483647;
			files = (
			);
			runOnlyForDeploymentPostprocessing = 0;
		};
		6FDA1B412D8E102100618794 /* Frameworks */ = {
			isa = PBXFrameworksBuildPhase;
			buildActionMask = 2147483647;
			files = (
			);
			runOnlyForDeploymentPostprocessing = 0;
		};
/* End PBXFrameworksBuildPhase section */

/* Begin PBXGroup section */
		6FDA1B212D8E101F00618794 = {
			isa = PBXGroup;
			children = (
				6FDA1B6C2D8E317100618794 /* BackendManager.swift */,
				6FDA1B5F2D8E27E400618794 /* MotionManager.swift */,
				6FDA1B5B2D8E12DC00618794 /* CameraView.swift */,
				6FDA1B5D2D8E276A00618794 /* LocationManager.swift */,
				6FDA1B2C2D8E101F00618794 /* PotholeDetector */,
				6FDA1B3D2D8E102100618794 /* PotholeDetectorTests */,
				6FDA1B472D8E102100618794 /* PotholeDetectorUITests */,
				6FDA1B2B2D8E101F00618794 /* Products */,
				6FDA1B592D8E104800618794 /* best_v2.mlpackage */,
				6FDA1B572D8E103300618794 /* best_v1.mlpackage */,
				6FDA1B662D8E2FEE00618794 /* GoogleService-Info.plist */,
			);
			sourceTree = "<group>";
		};
		6FDA1B2B2D8E101F00618794 /* Products */ = {
			isa = PBXGroup;
			children = (
				6FDA1B2A2D8E101F00618794 /* PotholeDetector.app */,
				6FDA1B3A2D8E102100618794 /* PotholeDetectorTests.xctest */,
				6FDA1B442D8E102100618794 /* PotholeDetectorUITests.xctest */,
			);
			name = Products;
			sourceTree = "<group>";
		};
/* End PBXGroup section */

/* Begin PBXNativeTarget section */
		6FDA1B292D8E101F00618794 /* PotholeDetector */ = {
			isa = PBXNativeTarget;
			buildConfigurationList = 6FDA1B4E2D8E102100618794 /* Build configuration list for PBXNativeTarget "PotholeDetector" */;
			buildPhases = (
				6FDA1B262D8E101F00618794 /* Sources */,
				6FDA1B272D8E101F00618794 /* Frameworks */,
				6FDA1B282D8E101F00618794 /* Resources */,
			);
			buildRules = (
			);
			dependencies = (
			);
			fileSystemSynchronizedGroups = (
				6FDA1B2C2D8E101F00618794 /* PotholeDetector */,
			);
			name = PotholeDetector;
			packageProductDependencies = (
				6FDA1B622D8E2C1C00618794 /* FirebaseFirestore */,
				6FDA1B642D8E2C1C00618794 /* FirebaseStorage */,
				6FDA1B6A2D8E30BD00618794 /* FirebaseAnalyticsWithoutAdIdSupport */,
			);
			productName = PotholeDetector;
			productReference = 6FDA1B2A2D8E101F00618794 /* PotholeDetector.app */;
			productType = "com.apple.product-type.application";
		};
		6FDA1B392D8E102100618794 /* PotholeDetectorTests */ = {
			isa = PBXNativeTarget;
			buildConfigurationList = 6FDA1B512D8E102100618794 /* Build configuration list for PBXNativeTarget "PotholeDetectorTests" */;
			buildPhases = (
				6FDA1B362D8E102100618794 /* Sources */,
				6FDA1B372D8E102100618794 /* Frameworks */,
				6FDA1B382D8E102100618794 /* Resources */,
			);
			buildRules = (
			);
			dependencies = (
				6FDA1B3C2D8E102100618794 /* PBXTargetDependency */,
			);
			fileSystemSynchronizedGroups = (
				6FDA1B3D2D8E102100618794 /* PotholeDetectorTests */,
			);
			name = PotholeDetectorTests;
			packageProductDependencies = (
			);
			productName = PotholeDetectorTests;
			productReference = 6FDA1B3A2D8E102100618794 /* PotholeDetectorTests.xctest */;
			productType = "com.apple.product-type.bundle.unit-test";
		};
		6FDA1B432D8E102100618794 /* PotholeDetectorUITests */ = {
			isa = PBXNativeTarget;
			buildConfigurationList = 6FDA1B542D8E102100618794 /* Build configuration list for PBXNativeTarget "PotholeDetectorUITests" */;
			buildPhases = (
				6FDA1B402D8E102100618794 /* Sources */,
				6FDA1B412D8E102100618794 /* Frameworks */,
				6FDA1B422D8E102100618794 /* Resources */,
			);
			buildRules = (
			);
			dependencies = (
				6FDA1B462D8E102100618794 /* PBXTargetDependency */,
			);
			fileSystemSynchronizedGroups = (
				6FDA1B472D8E102100618794 /* PotholeDetectorUITests */,
			);
			name = PotholeDetectorUITests;
			packageProductDependencies = (
			);
			productName = PotholeDetectorUITests;
			productReference = 6FDA1B442D8E102100618794 /* PotholeDetectorUITests.xctest */;
			productType = "com.apple.product-type.bundle.ui-testing";
		};
/* End PBXNativeTarget section */

/* Begin PBXProject section */
		6FDA1B222D8E101F00618794 /* Project object */ = {
			isa = PBXProject;
			attributes = {
				BuildIndependentTargetsInParallel = 1;
				LastSwiftUpdateCheck = 1620;
				LastUpgradeCheck = 1620;
				TargetAttributes = {
					6FDA1B292D8E101F00618794 = {
						CreatedOnToolsVersion = 16.2;
					};
					6FDA1B392D8E102100618794 = {
						CreatedOnToolsVersion = 16.2;
						TestTargetID = 6FDA1B292D8E101F00618794;
					};
					6FDA1B432D8E102100618794 = {
						CreatedOnToolsVersion = 16.2;
						TestTargetID = 6FDA1B292D8E101F00618794;
					};
				};
			};
			buildConfigurationList = 6FDA1B252D8E101F00618794 /* Build configuration list for PBXProject "PotholeDetector" */;
			developmentRegion = en;
			hasScannedForEncodings = 0;
			knownRegions = (
				en,
				Base,
			);
			mainGroup = 6FDA1B212D8E101F00618794;
			minimizedProjectReferenceProxies = 1;
			packageReferences = (
				6FDA1B612D8E2C1C00618794 /* XCRemoteSwiftPackageReference "firebase-ios-sdk" */,
			);
			preferredProjectObjectVersion = 77;
			productRefGroup = 6FDA1B2B2D8E101F00618794 /* Products */;
			projectDirPath = "";
			projectRoot = "";
			targets = (
				6FDA1B292D8E101F00618794 /* PotholeDetector */,
				6FDA1B392D8E102100618794 /* PotholeDetectorTests */,
				6FDA1B432D8E102100618794 /* PotholeDetectorUITests */,
			);
		};
/* End PBXProject section */

/* Begin PBXResourcesBuildPhase section */
		6FDA1B282D8E101F00618794 /* Resources */ = {
			isa = PBXResourcesBuildPhase;
			buildActionMask = 2147483647;
			files = (
				6FDA1B672D8E2FEE00618794 /* GoogleService-Info.plist in Resources */,
			);
			runOnlyForDeploymentPostprocessing = 0;
		};
		6FDA1B382D8E102100618794 /* Resources */ = {
			isa = PBXResourcesBuildPhase;
			buildActionMask = 2147483647;
			files = (
				6FDA1B692D8E2FEE00618794 /* GoogleService-Info.plist in Resources */,
			);
			runOnlyForDeploymentPostprocessing = 0;
		};
		6FDA1B422D8E102100618794 /* Resources */ = {
			isa = PBXResourcesBuildPhase;
			buildActionMask = 2147483647;
			files = (
				6FDA1B682D8E2FEE00618794 /* GoogleService-Info.plist in Resources */,
			);
			runOnlyForDeploymentPostprocessing = 0;
		};
/* End PBXResourcesBuildPhase section */

/* Begin PBXSourcesBuildPhase section */
		6FDA1B262D8E101F00618794 /* Sources */ = {
			isa = PBXSourcesBuildPhase;
			buildActionMask = 2147483647;
			files = (
				6FDA1B582D8E103300618794 /* best_v1.mlpackage in Sources */,
				6FDA1B602D8E27E400618794 /* MotionManager.swift in Sources */,
				6FDA1B6D2D8E317100618794 /* BackendManager.swift in Sources */,
				6FDA1B5A2D8E104800618794 /* best_v2.mlpackage in Sources */,
				6FDA1B5E2D8E276A00618794 /* LocationManager.swift in Sources */,
				6FDA1B5C2D8E12DC00618794 /* CameraView.swift in Sources */,
			);
			runOnlyForDeploymentPostprocessing = 0;
		};
		6FDA1B362D8E102100618794 /* Sources */ = {
			isa = PBXSourcesBuildPhase;
			buildActionMask = 2147483647;
			files = (
			);
			runOnlyForDeploymentPostprocessing = 0;
		};
		6FDA1B402D8E102100618794 /* Sources */ = {
			isa = PBXSourcesBuildPhase;
			buildActionMask = 2147483647;
			files = (
			);
			runOnlyForDeploymentPostprocessing = 0;
		};
/* End PBXSourcesBuildPhase section */

/* Begin PBXTargetDependency section */
		6FDA1B3C2D8E102100618794 /* PBXTargetDependency */ = {
			isa = PBXTargetDependency;
			target = 6FDA1B292D8E101F00618794 /* PotholeDetector */;
			targetProxy = 6FDA1B3B2D8E102100618794 /* PBXContainerItemProxy */;
		};
		6FDA1B462D8E102100618794 /* PBXTargetDependency */ = {
			isa = PBXTargetDependency;
			target = 6FDA1B292D8E101F00618794 /* PotholeDetector */;
			targetProxy = 6FDA1B452D8E102100618794 /* PBXContainerItemProxy */;
		};
/* End PBXTargetDependency section */

/* Begin XCBuildConfiguration section */
		6FDA1B4C2D8E102100618794 /* Debug */ = {
			isa = XCBuildConfiguration;
			buildSettings = {
				ALWAYS_SEARCH_USER_PATHS = NO;
				ASSETCATALOG_COMPILER_GENERATE_SWIFT_ASSET_SYMBOL_EXTENSIONS = YES;
				CLANG_ANALYZER_NONNULL = YES;
				CLANG_ANALYZER_NUMBER_OBJECT_CONVERSION = YES_AGGRESSIVE;
				CLANG_CXX_LANGUAGE_STANDARD = "gnu++20";
				CLANG_ENABLE_MODULES = YES;
				CLANG_ENABLE_OBJC_ARC = YES;
				CLANG_ENABLE_OBJC_WEAK = YES;
				CLANG_WARN_BLOCK_CAPTURE_AUTORELEASING = YES;
				CLANG_WARN_BOOL_CONVERSION = YES;
				CLANG_WARN_COMMA = YES;
				CLANG_WARN_CONSTANT_CONVERSION = YES;
				CLANG_WARN_DEPRECATED_OBJC_IMPLEMENTATIONS = YES;
				CLANG_WARN_DIRECT_OBJC_ISA_USAGE = YES_ERROR;
				CLANG_WARN_DOCUMENTATION_COMMENTS = YES;
				CLANG_WARN_EMPTY_BODY = YES;
				CLANG_WARN_ENUM_CONVERSION = YES;
				CLANG_WARN_INFINITE_RECURSION = YES;
				CLANG_WARN_INT_CONVERSION = YES;
				CLANG_WARN_NON_LITERAL_NULL_CONVERSION = YES;
				CLANG_WARN_OBJC_IMPLICIT_RETAIN_SELF = YES;
				CLANG_WARN_OBJC_LITERAL_CONVERSION = YES;
				CLANG_WARN_OBJC_ROOT_CLASS = YES_ERROR;
				CLANG_WARN_QUOTED_INCLUDE_IN_FRAMEWORK_HEADER = YES;
				CLANG_WARN_RANGE_LOOP_ANALYSIS = YES;
				CLANG_WARN_STRICT_PROTOTYPES = YES;
				CLANG_WARN_SUSPICIOUS_MOVE = YES;
				CLANG_WARN_UNGUARDED_AVAILABILITY = YES_AGGRESSIVE;
				CLANG_WARN_UNREACHABLE_CODE = YES;
				CLANG_WARN__DUPLICATE_METHOD_MATCH = YES;
				COPY_PHASE_STRIP = NO;
				DEBUG_INFORMATION_FORMAT = dwarf;
				ENABLE_STRICT_OBJC_MSGSEND = YES;
				ENABLE_TESTABILITY = YES;
				ENABLE_USER_SCRIPT_SANDBOXING = YES;
				GCC_C_LANGUAGE_STANDARD = gnu17;
				GCC_DYNAMIC_NO_PIC = NO;
				GCC_NO_COMMON_BLOCKS = YES;
				GCC_OPTIMIZATION_LEVEL = 0;
				GCC_PREPROCESSOR_DEFINITIONS = (
					"DEBUG=1",
					"$(inherited)",
				);
				GCC_WARN_64_TO_32_BIT_CONVERSION = YES;
				GCC_WARN_ABOUT_RETURN_TYPE = YES_ERROR;
				GCC_WARN_UNDECLARED_SELECTOR = YES;
				GCC_WARN_UNINITIALIZED_AUTOS = YES_AGGRESSIVE;
				GCC_WARN_UNUSED_FUNCTION = YES;
				GCC_WARN_UNUSED_VARIABLE = YES;
				IPHONEOS_DEPLOYMENT_TARGET = 18.2;
				LOCALIZATION_PREFERS_STRING_CATALOGS = YES;
				MTL_ENABLE_DEBUG_INFO = INCLUDE_SOURCE;
				MTL_FAST_MATH = YES;
				ONLY_ACTIVE_ARCH = YES;
				SDKROOT = iphoneos;
				SWIFT_ACTIVE_COMPILATION_CONDITIONS = "DEBUG $(inherited)";
				SWIFT_OPTIMIZATION_LEVEL = "-Onone";
			};
			name = Debug;
		};
		6FDA1B4D2D8E102100618794 /* Release */ = {
			isa = XCBuildConfiguration;
			buildSettings = {
				ALWAYS_SEARCH_USER_PATHS = NO;
				ASSETCATALOG_COMPILER_GENERATE_SWIFT_ASSET_SYMBOL_EXTENSIONS = YES;
				CLANG_ANALYZER_NONNULL = YES;
				CLANG_ANALYZER_NUMBER_OBJECT_CONVERSION = YES_AGGRESSIVE;
				CLANG_CXX_LANGUAGE_STANDARD = "gnu++20";
				CLANG_ENABLE_MODULES = YES;
				CLANG_ENABLE_OBJC_ARC = YES;
				CLANG_ENABLE_OBJC_WEAK = YES;
				CLANG_WARN_BLOCK_CAPTURE_AUTORELEASING = YES;
				CLANG_WARN_BOOL_CONVERSION = YES;
				CLANG_WARN_COMMA = YES;
				CLANG_WARN_CONSTANT_CONVERSION = YES;
				CLANG_WARN_DEPRECATED_OBJC_IMPLEMENTATIONS = YES;
				CLANG_WARN_DIRECT_OBJC_ISA_USAGE = YES_ERROR;
				CLANG_WARN_DOCUMENTATION_COMMENTS = YES;
				CLANG_WARN_EMPTY_BODY = YES;
				CLANG_WARN_ENUM_CONVERSION = YES;
				CLANG_WARN_INFINITE_RECURSION = YES;
				CLANG_WARN_INT_CONVERSION = YES;
				CLANG_WARN_NON_LITERAL_NULL_CONVERSION = YES;
				CLANG_WARN_OBJC_IMPLICIT_RETAIN_SELF = YES;
				CLANG_WARN_OBJC_LITERAL_CONVERSION = YES;
				CLANG_WARN_OBJC_ROOT_CLASS = YES_ERROR;
				CLANG_WARN_QUOTED_INCLUDE_IN_FRAMEWORK_HEADER = YES;
				CLANG_WARN_RANGE_LOOP_ANALYSIS = YES;
				CLANG_WARN_STRICT_PROTOTYPES = YES;
				CLANG_WARN_SUSPICIOUS_MOVE = YES;
				CLANG_WARN_UNGUARDED_AVAILABILITY = YES_AGGRESSIVE;
				CLANG_WARN_UNREACHABLE_CODE = YES;
				CLANG_WARN__DUPLICATE_METHOD_MATCH = YES;
				COPY_PHASE_STRIP = NO;
				DEBUG_INFORMATION_FORMAT = "dwarf-with-dsym";
				ENABLE_NS_ASSERTIONS = NO;
				ENABLE_STRICT_OBJC_MSGSEND = YES;
				ENABLE_USER_SCRIPT_SANDBOXING = YES;
				GCC_C_LANGUAGE_STANDARD = gnu17;
				GCC_NO_COMMON_BLOCKS = YES;
				GCC_WARN_64_TO_32_BIT_CONVERSION = YES;
				GCC_WARN_ABOUT_RETURN_TYPE = YES_ERROR;
				GCC_WARN_UNDECLARED_SELECTOR = YES;
				GCC_WARN_UNINITIALIZED_AUTOS = YES_AGGRESSIVE;
				GCC_WARN_UNUSED_FUNCTION = YES;
				GCC_WARN_UNUSED_VARIABLE = YES;
				IPHONEOS_DEPLOYMENT_TARGET = 18.2;
				LOCALIZATION_PREFERS_STRING_CATALOGS = YES;
				MTL_ENABLE_DEBUG_INFO = NO;
				MTL_FAST_MATH = YES;
				SDKROOT = iphoneos;
				SWIFT_COMPILATION_MODE = wholemodule;
				VALIDATE_PRODUCT = YES;
			};
			name = Release;
		};
		6FDA1B4F2D8E102100618794 /* Debug */ = {
			isa = XCBuildConfiguration;
			buildSettings = {
				ASSETCATALOG_COMPILER_APPICON_NAME = AppIcon;
				ASSETCATALOG_COMPILER_GLOBAL_ACCENT_COLOR_NAME = AccentColor;
				CODE_SIGN_STYLE = Automatic;
				CURRENT_PROJECT_VERSION = 1;
				DEVELOPMENT_ASSET_PATHS = "\"PotholeDetector/Preview Content\"";
				DEVELOPMENT_TEAM = M37WQ67R34;
				ENABLE_PREVIEWS = YES;
				GENERATE_INFOPLIST_FILE = YES;
				INFOPLIST_KEY_NSCameraUsageDescription = "We need camera access to detect potholes";
				INFOPLIST_KEY_NSLocationWhenInUseUsageDescription = "We need your location to log potholes";
				INFOPLIST_KEY_UIApplicationSceneManifest_Generation = YES;
				INFOPLIST_KEY_UIApplicationSupportsIndirectInputEvents = YES;
				INFOPLIST_KEY_UILaunchScreen_Generation = YES;
				INFOPLIST_KEY_UISupportedInterfaceOrientations_iPad = "UIInterfaceOrientationPortrait UIInterfaceOrientationPortraitUpsideDown UIInterfaceOrientationLandscapeLeft UIInterfaceOrientationLandscapeRight";
				INFOPLIST_KEY_UISupportedInterfaceOrientations_iPhone = "UIInterfaceOrientationPortrait UIInterfaceOrientationLandscapeLeft UIInterfaceOrientationLandscapeRight";
				LD_RUNPATH_SEARCH_PATHS = (
					"$(inherited)",
					"@executable_path/Frameworks",
				);
				MARKETING_VERSION = 1.0;
				PRODUCT_BUNDLE_IDENTIFIER = Shatanshu.PotholeDetector;
				PRODUCT_NAME = "$(TARGET_NAME)";
				SWIFT_EMIT_LOC_STRINGS = YES;
				SWIFT_VERSION = 5.0;
				TARGETED_DEVICE_FAMILY = "1,2";
			};
			name = Debug;
		};
		6FDA1B502D8E102100618794 /* Release */ = {
			isa = XCBuildConfiguration;
			buildSettings = {
				ASSETCATALOG_COMPILER_APPICON_NAME = AppIcon;
				ASSETCATALOG_COMPILER_GLOBAL_ACCENT_COLOR_NAME = AccentColor;
				CODE_SIGN_STYLE = Automatic;
				CURRENT_PROJECT_VERSION = 1;
				DEVELOPMENT_ASSET_PATHS = "\"PotholeDetector/Preview Content\"";
				DEVELOPMENT_TEAM = M37WQ67R34;
				ENABLE_PREVIEWS = YES;
				GENERATE_INFOPLIST_FILE = YES;
				INFOPLIST_KEY_NSCameraUsageDescription = "We need camera access to detect potholes";
				INFOPLIST_KEY_NSLocationWhenInUseUsageDescription = "We need your location to log potholes";
				INFOPLIST_KEY_UIApplicationSceneManifest_Generation = YES;
				INFOPLIST_KEY_UIApplicationSupportsIndirectInputEvents = YES;
				INFOPLIST_KEY_UILaunchScreen_Generation = YES;
				INFOPLIST_KEY_UISupportedInterfaceOrientations_iPad = "UIInterfaceOrientationPortrait UIInterfaceOrientationPortraitUpsideDown UIInterfaceOrientationLandscapeLeft UIInterfaceOrientationLandscapeRight";
				INFOPLIST_KEY_UISupportedInterfaceOrientations_iPhone = "UIInterfaceOrientationPortrait UIInterfaceOrientationLandscapeLeft UIInterfaceOrientationLandscapeRight";
				LD_RUNPATH_SEARCH_PATHS = (
					"$(inherited)",
					"@executable_path/Frameworks",
				);
				MARKETING_VERSION = 1.0;
				PRODUCT_BUNDLE_IDENTIFIER = Shatanshu.PotholeDetector;
				PRODUCT_NAME = "$(TARGET_NAME)";
				SWIFT_EMIT_LOC_STRINGS = YES;
				SWIFT_VERSION = 5.0;
				TARGETED_DEVICE_FAMILY = "1,2";
			};
			name = Release;
		};
		6FDA1B522D8E102100618794 /* Debug */ = {
			isa = XCBuildConfiguration;
			buildSettings = {
				BUNDLE_LOADER = "$(TEST_HOST)";
				CODE_SIGN_STYLE = Automatic;
				CURRENT_PROJECT_VERSION = 1;
				DEVELOPMENT_TEAM = M37WQ67R34;
				GENERATE_INFOPLIST_FILE = YES;
				IPHONEOS_DEPLOYMENT_TARGET = 18.2;
				MARKETING_VERSION = 1.0;
				PRODUCT_BUNDLE_IDENTIFIER = Shatanshu.PotholeDetectorTests;
				PRODUCT_NAME = "$(TARGET_NAME)";
				SWIFT_EMIT_LOC_STRINGS = NO;
				SWIFT_VERSION = 5.0;
				TARGETED_DEVICE_FAMILY = "1,2";
				TEST_HOST = "$(BUILT_PRODUCTS_DIR)/PotholeDetector.app/$(BUNDLE_EXECUTABLE_FOLDER_PATH)/PotholeDetector";
			};
			name = Debug;
		};
		6FDA1B532D8E102100618794 /* Release */ = {
			isa = XCBuildConfiguration;
			buildSettings = {
				BUNDLE_LOADER = "$(TEST_HOST)";
				CODE_SIGN_STYLE = Automatic;
				CURRENT_PROJECT_VERSION = 1;
				DEVELOPMENT_TEAM = M37WQ67R34;
				GENERATE_INFOPLIST_FILE = YES;
				IPHONEOS_DEPLOYMENT_TARGET = 18.2;
				MARKETING_VERSION = 1.0;
				PRODUCT_BUNDLE_IDENTIFIER = Shatanshu.PotholeDetectorTests;
				PRODUCT_NAME = "$(TARGET_NAME)";
				SWIFT_EMIT_LOC_STRINGS = NO;
				SWIFT_VERSION = 5.0;
				TARGETED_DEVICE_FAMILY = "1,2";
				TEST_HOST = "$(BUILT_PRODUCTS_DIR)/PotholeDetector.app/$(BUNDLE_EXECUTABLE_FOLDER_PATH)/PotholeDetector";
			};
			name = Release;
		};
		6FDA1B552D8E102100618794 /* Debug */ = {
			isa = XCBuildConfiguration;
			buildSettings = {
				CODE_SIGN_STYLE = Automatic;
				CURRENT_PROJECT_VERSION = 1;
				DEVELOPMENT_TEAM = M37WQ67R34;
				GENERATE_INFOPLIST_FILE = YES;
				MARKETING_VERSION = 1.0;
				PRODUCT_BUNDLE_IDENTIFIER = Shatanshu.PotholeDetectorUITests;
				PRODUCT_NAME = "$(TARGET_NAME)";
				SWIFT_EMIT_LOC_STRINGS = NO;
				SWIFT_VERSION = 5.0;
				TARGETED_DEVICE_FAMILY = "1,2";
				TEST_TARGET_NAME = PotholeDetector;
			};
			name = Debug;
		};
		6FDA1B562D8E102100618794 /* Release */ = {
			isa = XCBuildConfiguration;
			buildSettings = {
				CODE_SIGN_STYLE = Automatic;
				CURRENT_PROJECT_VERSION = 1;
				DEVELOPMENT_TEAM = M37WQ67R34;
				GENERATE_INFOPLIST_FILE = YES;
				MARKETING_VERSION = 1.0;
				PRODUCT_BUNDLE_IDENTIFIER = Shatanshu.PotholeDetectorUITests;
				PRODUCT_NAME = "$(TARGET_NAME)";
				SWIFT_EMIT_LOC_STRINGS = NO;
				SWIFT_VERSION = 5.0;
				TARGETED_DEVICE_FAMILY = "1,2";
				TEST_TARGET_NAME = PotholeDetector;
			};
			name = Release;
		};
/* End XCBuildConfiguration section */

/* Begin XCConfigurationList section */
		6FDA1B252D8E101F00618794 /* Build configuration list for PBXProject "PotholeDetector" */ = {
			isa = XCConfigurationList;
			buildConfigurations = (
				6FDA1B4C2D8E102100618794 /* Debug */,
				6FDA1B4D2D8E102100618794 /* Release */,
			);
			defaultConfigurationIsVisible = 0;
			defaultConfigurationName = Release;
		};
		6FDA1B4E2D8E102100618794 /* Build configuration list for PBXNativeTarget "PotholeDetector" */ = {
			isa = XCConfigurationList;
			buildConfigurations = (
				6FDA1B4F2D8E102100618794 /* Debug */,
				6FDA1B502D8E102100618794 /* Release */,
			);
			defaultConfigurationIsVisible = 0;
			defaultConfigurationName = Release;
		};
		6FDA1B512D8E102100618794 /* Build configuration list for PBXNativeTarget "PotholeDetectorTests" */ = {
			isa = XCConfigurationList;
			buildConfigurations = (
				6FDA1B522D8E102100618794 /* Debug */,
				6FDA1B532D8E102100618794 /* Release */,
			);
			defaultConfigurationIsVisible = 0;
			defaultConfigurationName = Release;
		};
		6FDA1B542D8E102100618794 /* Build configuration list for PBXNativeTarget "PotholeDetectorUITests" */ = {
			isa = XCConfigurationList;
			buildConfigurations = (
				6FDA1B552D8E102100618794 /* Debug */,
				6FDA1B562D8E102100618794 /* Release */,
			);
			defaultConfigurationIsVisible = 0;
			defaultConfigurationName = Release;
		};
/* End XCConfigurationList section */

/* Begin XCRemoteSwiftPackageReference section */
		6FDA1B612D8E2C1C00618794 /* XCRemoteSwiftPackageReference "firebase-ios-sdk" */ = {
			isa = XCRemoteSwiftPackageReference;
			repositoryURL = "https://github.com/firebase/firebase-ios-sdk";
			requirement = {
				kind = upToNextMajorVersion;
				minimumVersion = 11.10.0;
			};
		};
/* End XCRemoteSwiftPackageReference section */

/* Begin XCSwiftPackageProductDependency section */
		6FDA1B622D8E2C1C00618794 /* FirebaseFirestore */ = {
			isa = XCSwiftPackageProductDependency;
			package = 6FDA1B612D8E2C1C00618794 /* XCRemoteSwiftPackageReference "firebase-ios-sdk" */;
			productName = FirebaseFirestore;
		};
		6FDA1B642D8E2C1C00618794 /* FirebaseStorage */ = {
			isa = XCSwiftPackageProductDependency;
			package = 6FDA1B612D8E2C1C00618794 /* XCRemoteSwiftPackageReference "firebase-ios-sdk" */;
			productName = FirebaseStorage;
		};
		6FDA1B6A2D8E30BD00618794 /* FirebaseAnalyticsWithoutAdIdSupport */ = {
			isa = XCSwiftPackageProductDependency;
			package = 6FDA1B612D8E2C1C00618794 /* XCRemoteSwiftPackageReference "firebase-ios-sdk" */;
			productName = FirebaseAnalyticsWithoutAdIdSupport;
		};
/* End XCSwiftPackageProductDependency section */
	};
	rootObject = 6FDA1B222D8E101F00618794 /* Project object */;
}
